
Microsoft Visual Studio Solution File, Format Version 12.00
# Visual Studio Version 16
VisualStudioVersion = 16.0.30717.126
MinimumVisualStudioVersion = 10.0.40219.1
Project("{FAE04EC0-301F-11D3-BF4B-00C04F79EFBC}") = "X_O", "X_O\X_O.csproj", "{1444BB88-95C3-46D8-B4AE-B0178E79E2B9}"
EndProject
Global
	GlobalSection(SolutionConfigurationPlatforms) = preSolution
		Debug|Any CPU = Debug|Any CPU
		Release|Any CPU = Release|Any CPU
	EndGlobalSection
	GlobalSection(ProjectConfigurationPlatforms) = postSolution
		{1444BB88-95C3-46D8-B4AE-B0178E79E2B9}.Debug|Any CPU.ActiveCfg = Debug|Any CPU
		{1444BB88-95C3-46D8-B4AE-B0178E79E2B9}.Debug|Any CPU.Build.0 = Debug|Any CPU
		{1444BB88-95C3-46D8-B4AE-B0178E79E2B9}.Release|Any CPU.ActiveCfg = Release|Any CPU
		{1444BB88-95C3-46D8-B4AE-B0178E79E2B9}.Release|Any CPU.Build.0 = Release|Any CPU
	EndGlobalSection
	GlobalSection(SolutionProperties) = preSolution
		HideSolutionNode = FALSE
	EndGlobalSection
	GlobalSection(ExtensibilityGlobals) = postSolution
		SolutionGuid = {F33EAC42-117C-4C20-8150-5B154910E03C}
	EndGlobalSection
EndGlobal
